
Microsoft Visual Studio Solution File, Format Version 12.00
# Visual Studio Version 17
VisualStudioVersion = 17.11.35327.3
MinimumVisualStudioVersion = 10.0.40219.1
Project("{FAE04EC0-301F-11D3-BF4B-00C04F79EFBC}") = "Module08", "Module08\Module08.csproj", "{105783CE-98BD-44A8-8434-3998662563A9}"
EndProject
Global
	GlobalSection(SolutionConfigurationPlatforms) = preSolution
		Debug|Any CPU = Debug|Any CPU
		Release|Any CPU = Release|Any CPU
	EndGlobalSection
	GlobalSection(ProjectConfigurationPlatforms) = postSolution
		{105783CE-98BD-44A8-8434-3998662563A9}.Debug|Any CPU.ActiveCfg = Debug|Any CPU
		{105783CE-98BD-44A8-8434-3998662563A9}.Debug|Any CPU.Build.0 = Debug|Any CPU
		{105783CE-98BD-44A8-8434-3998662563A9}.Debug|Any CPU.Deploy.0 = Debug|Any CPU
		{105783CE-98BD-44A8-8434-3998662563A9}.Release|Any CPU.ActiveCfg = Release|Any CPU
		{105783CE-98BD-44A8-8434-3998662563A9}.Release|Any CPU.Build.0 = Release|Any CPU
		{105783CE-98BD-44A8-8434-3998662563A9}.Release|Any CPU.Deploy.0 = Release|Any CPU
	EndGlobalSection
	GlobalSection(SolutionProperties) = preSolution
		HideSolutionNode = FALSE
	EndGlobalSection
	GlobalSection(ExtensibilityGlobals) = postSolution
		SolutionGuid = {996B0747-1B2D-4CD9-97B7-9346D8E40612}
	EndGlobalSection
EndGlobal
